// !$*UTF8*$!
{
	archiveVersion = 1;
	classes = {
	};
	objectVersion = 46;
	objects = {

/* Begin PBXBuildFile section */
		5832D4DD1C6C736A00FCBFD5 /* けいさんくんボタン.png in Resources */ = {isa = PBXBuildFile; fileRef = 5832D4DC1C6C736A00FCBFD5 /* けいさんくんボタン.png */; };
		5832D4DF1C6C73AC00FCBFD5 /* カウントくも.png in Resources */ = {isa = PBXBuildFile; fileRef = 5832D4DE1C6C73AC00FCBFD5 /* カウントくも.png */; };
		C78F1A171AAF7FEA009D52C3 /* AppDelegate.swift in Sources */ = {isa = PBXBuildFile; fileRef = C78F1A161AAF7FEA009D52C3 /* AppDelegate.swift */; };
		C78F1A191AAF7FEA009D52C3 /* ViewController.swift in Sources */ = {isa = PBXBuildFile; fileRef = C78F1A181AAF7FEA009D52C3 /* ViewController.swift */; };
		C78F1A1C1AAF7FEA009D52C3 /* Main.storyboard in Resources */ = {isa = PBXBuildFile; fileRef = C78F1A1A1AAF7FEA009D52C3 /* Main.storyboard */; };
		C78F1A1E1AAF7FEA009D52C3 /* Images.xcassets in Resources */ = {isa = PBXBuildFile; fileRef = C78F1A1D1AAF7FEA009D52C3 /* Images.xcassets */; };
		C78F1A211AAF7FEA009D52C3 /* LaunchScreen.xib in Resources */ = {isa = PBXBuildFile; fileRef = C78F1A1F1AAF7FEA009D52C3 /* LaunchScreen.xib */; };
		C78F1A2D1AAF7FEA009D52C3 /* nabeatsuTests.swift in Sources */ = {isa = PBXBuildFile; fileRef = C78F1A2C1AAF7FEA009D52C3 /* nabeatsuTests.swift */; };
/* End PBXBuildFile section */

/* Begin PBXContainerItemProxy section */
		C78F1A271AAF7FEA009D52C3 /* PBXContainerItemProxy */ = {
			isa = PBXContainerItemProxy;
			containerPortal = C78F1A091AAF7FEA009D52C3 /* Project object */;
			proxyType = 1;
			remoteGlobalIDString = C78F1A101AAF7FEA009D52C3;
			remoteInfo = nabeatsu;
		};
/* End PBXContainerItemProxy section */

/* Begin PBXFileReference section */
		5832D4DC1C6C736A00FCBFD5 /* けいさんくんボタン.png */ = {isa = PBXFileReference; lastKnownFileType = image.png; path = "けいさんくんボタン.png"; sourceTree = "<group>"; };
		5832D4DE1C6C73AC00FCBFD5 /* カウントくも.png */ = {isa = PBXFileReference; lastKnownFileType = image.png; path = "カウントくも.png"; sourceTree = "<group>"; };
		C78F1A111AAF7FEA009D52C3 /* nabeatsu.app */ = {isa = PBXFileReference; explicitFileType = wrapper.application; includeInIndex = 0; path = nabeatsu.app; sourceTree = BUILT_PRODUCTS_DIR; };
		C78F1A151AAF7FEA009D52C3 /* Info.plist */ = {isa = PBXFileReference; lastKnownFileType = text.plist.xml; path = Info.plist; sourceTree = "<group>"; };
		C78F1A161AAF7FEA009D52C3 /* AppDelegate.swift */ = {isa = PBXFileReference; lastKnownFileType = sourcecode.swift; path = AppDelegate.swift; sourceTree = "<group>"; };
		C78F1A181AAF7FEA009D52C3 /* ViewController.swift */ = {isa = PBXFileReference; lastKnownFileType = sourcecode.swift; path = ViewController.swift; sourceTree = "<group>"; };
		C78F1A1B1AAF7FEA009D52C3 /* Base */ = {isa = PBXFileReference; lastKnownFileType = file.storyboard; name = Base; path = Base.lproj/Main.storyboard; sourceTree = "<group>"; };
		C78F1A1D1AAF7FEA009D52C3 /* Images.xcassets */ = {isa = PBXFileReference; lastKnownFileType = folder.assetcatalog; path = Images.xcassets; sourceTree = "<group>"; };
		C78F1A201AAF7FEA009D52C3 /* Base */ = {isa = PBXFileReference; lastKnownFileType = file.xib; name = Base; path = Base.lproj/LaunchScreen.xib; sourceTree = "<group>"; };
		C78F1A261AAF7FEA009D52C3 /* nabeatsuTests.xctest */ = {isa = PBXFileReference; explicitFileType = wrapper.cfbundle; includeInIndex = 0; path = nabeatsuTests.xctest; sourceTree = BUILT_PRODUCTS_DIR; };
		C78F1A2B1AAF7FEA009D52C3 /* Info.plist */ = {isa = PBXFileReference; lastKnownFileType = text.plist.xml; path = Info.plist; sourceTree = "<group>"; };
		C78F1A2C1AAF7FEA009D52C3 /* nabeatsuTests.swift */ = {isa = PBXFileReference; lastKnownFileType = sourcecode.swift; path = nabeatsuTests.swift; sourceTree = "<group>"; };
/* End PBXFileReference section */

/* Begin PBXFrameworksBuildPhase section */
		C78F1A0E1AAF7FEA009D52C3 /* Frameworks */ = {
			isa = PBXFrameworksBuildPhase;
			buildActionMask = 2147483647;
			files = (
			);
			runOnlyForDeploymentPostprocessing = 0;
		};
		C78F1A231AAF7FEA009D52C3 /* Frameworks */ = {
			isa = PBXFrameworksBuildPhase;
			buildActionMask = 2147483647;
			files = (
			);
			runOnlyForDeploymentPostprocessing = 0;
		};
/* End PBXFrameworksBuildPhase section */

/* Begin PBXGroup section */
		C78F1A081AAF7FEA009D52C3 = {
			isa = PBXGroup;
			children = (
				C78F1A131AAF7FEA009D52C3 /* nabeatsu */,
				C78F1A291AAF7FEA009D52C3 /* nabeatsuTests */,
				C78F1A121AAF7FEA009D52C3 /* Products */,
			);
			sourceTree = "<group>";
		};
		C78F1A121AAF7FEA009D52C3 /* Products */ = {
			isa = PBXGroup;
			children = (
				C78F1A111AAF7FEA009D52C3 /* nabeatsu.app */,
				C78F1A261AAF7FEA009D52C3 /* nabeatsuTests.xctest */,
			);
			name = Products;
			sourceTree = "<group>";
		};
		C78F1A131AAF7FEA009D52C3 /* nabeatsu */ = {
			isa = PBXGroup;
			children = (
				C78F1A161AAF7FEA009D52C3 /* AppDelegate.swift */,
				C78F1A181AAF7FEA009D52C3 /* ViewController.swift */,
				C78F1A1A1AAF7FEA009D52C3 /* Main.storyboard */,
				5832D4DE1C6C73AC00FCBFD5 /* カウントくも.png */,
				5832D4DC1C6C736A00FCBFD5 /* けいさんくんボタン.png */,
				C78F1A1D1AAF7FEA009D52C3 /* Images.xcassets */,
				C78F1A1F1AAF7FEA009D52C3 /* LaunchScreen.xib */,
				C78F1A141AAF7FEA009D52C3 /* Supporting Files */,
			);
			path = nabeatsu;
			sourceTree = "<group>";
		};
		C78F1A141AAF7FEA009D52C3 /* Supporting Files */ = {
			isa = PBXGroup;
			children = (
				C78F1A151AAF7FEA009D52C3 /* Info.plist */,
			);
			name = "Supporting Files";
			sourceTree = "<group>";
		};
		C78F1A291AAF7FEA009D52C3 /* nabeatsuTests */ = {
			isa = PBXGroup;
			children = (
				C78F1A2C1AAF7FEA009D52C3 /* nabeatsuTests.swift */,
				C78F1A2A1AAF7FEA009D52C3 /* Supporting Files */,
			);
			path = nabeatsuTests;
			sourceTree = "<group>";
		};
		C78F1A2A1AAF7FEA009D52C3 /* Supporting Files */ = {
			isa = PBXGroup;
			children = (
				C78F1A2B1AAF7FEA009D52C3 /* Info.plist */,
			);
			name = "Supporting Files";
			sourceTree = "<group>";
		};
/* End PBXGroup section */

/* Begin PBXNativeTarget section */
		C78F1A101AAF7FEA009D52C3 /* nabeatsu */ = {
			isa = PBXNativeTarget;
			buildConfigurationList = C78F1A301AAF7FEA009D52C3 /* Build configuration list for PBXNativeTarget "nabeatsu" */;
			buildPhases = (
				C78F1A0D1AAF7FEA009D52C3 /* Sources */,
				C78F1A0E1AAF7FEA009D52C3 /* Frameworks */,
				C78F1A0F1AAF7FEA009D52C3 /* Resources */,
			);
			buildRules = (
			);
			dependencies = (
			);
			name = nabeatsu;
			productName = nabeatsu;
			productReference = C78F1A111AAF7FEA009D52C3 /* nabeatsu.app */;
			productType = "com.apple.product-type.application";
		};
		C78F1A251AAF7FEA009D52C3 /* nabeatsuTests */ = {
			isa = PBXNativeTarget;
			buildConfigurationList = C78F1A331AAF7FEA009D52C3 /* Build configuration list for PBXNativeTarget "nabeatsuTests" */;
			buildPhases = (
				C78F1A221AAF7FEA009D52C3 /* Sources */,
				C78F1A231AAF7FEA009D52C3 /* Frameworks */,
				C78F1A241AAF7FEA009D52C3 /* Resources */,
			);
			buildRules = (
			);
			dependencies = (
				C78F1A281AAF7FEA009D52C3 /* PBXTargetDependency */,
			);
			name = nabeatsuTests;
			productName = nabeatsuTests;
			productReference = C78F1A261AAF7FEA009D52C3 /* nabeatsuTests.xctest */;
			productType = "com.apple.product-type.bundle.unit-test";
		};
/* End PBXNativeTarget section */

/* Begin PBXProject section */
		C78F1A091AAF7FEA009D52C3 /* Project object */ = {
			isa = PBXProject;
			attributes = {
				LastSwiftUpdateCheck = 0720;
				LastUpgradeCheck = 0620;
				ORGANIZATIONNAME = ohtatomotaka;
				TargetAttributes = {
					C78F1A101AAF7FEA009D52C3 = {
						CreatedOnToolsVersion = 6.2;
					};
					C78F1A251AAF7FEA009D52C3 = {
						CreatedOnToolsVersion = 6.2;
						TestTargetID = C78F1A101AAF7FEA009D52C3;
					};
				};
			};
			buildConfigurationList = C78F1A0C1AAF7FEA009D52C3 /* Build configuration list for PBXProject "nabeatsu" */;
			compatibilityVersion = "Xcode 3.2";
			developmentRegion = English;
			hasScannedForEncodings = 0;
			knownRegions = (
				en,
				Base,
			);
			mainGroup = C78F1A081AAF7FEA009D52C3;
			productRefGroup = C78F1A121AAF7FEA009D52C3 /* Products */;
			projectDirPath = "";
			projectRoot = "";
			targets = (
				C78F1A101AAF7FEA009D52C3 /* nabeatsu */,
				C78F1A251AAF7FEA009D52C3 /* nabeatsuTests */,
			);
		};
/* End PBXProject section */

/* Begin PBXResourcesBuildPhase section */
		C78F1A0F1AAF7FEA009D52C3 /* Resources */ = {
			isa = PBXResourcesBuildPhase;
			buildActionMask = 2147483647;
			files = (
				C78F1A1C1AAF7FEA009D52C3 /* Main.storyboard in Resources */,
				5832D4DF1C6C73AC00FCBFD5 /* カウントくも.png in Resources */,
				C78F1A211AAF7FEA009D52C3 /* LaunchScreen.xib in Resources */,
				5832D4DD1C6C736A00FCBFD5 /* けいさんくんボタン.png in Resources */,
				C78F1A1E1AAF7FEA009D52C3 /* Images.xcassets in Resources */,
			);
			runOnlyForDeploymentPostprocessing = 0;
		};
		C78F1A241AAF7FEA009D52C3 /* Resources */ = {
			isa = PBXResourcesBuildPhase;
			buildActionMask = 2147483647;
			files = (
			);
			runOnlyForDeploymentPostprocessing = 0;
		};
/* End PBXResourcesBuildPhase section */

/* Begin PBXSourcesBuildPhase section */
		C78F1A0D1AAF7FEA009D52C3 /* Sources */ = {
			isa = PBXSourcesBuildPhase;
			buildActionMask = 2147483647;
			files = (
				C78F1A191AAF7FEA009D52C3 /* ViewController.swift in Sources */,
				C78F1A171AAF7FEA009D52C3 /* AppDelegate.swift in Sources */,
			);
			runOnlyForDeploymentPostprocessing = 0;
		};
		C78F1A221AAF7FEA009D52C3 /* Sources */ = {
			isa = PBXSourcesBuildPhase;
			buildActionMask = 2147483647;
			files = (
				C78F1A2D1AAF7FEA009D52C3 /* nabeatsuTests.swift in Sources */,
			);
			runOnlyForDeploymentPostprocessing = 0;
		};
/* End PBXSourcesBuildPhase section */

/* Begin PBXTargetDependency section */
		C78F1A281AAF7FEA009D52C3 /* PBXTargetDependency */ = {
			isa = PBXTargetDependency;
			target = C78F1A101AAF7FEA009D52C3 /* nabeatsu */;
			targetProxy = C78F1A271AAF7FEA009D52C3 /* PBXContainerItemProxy */;
		};
/* End PBXTargetDependency section */

/* Begin PBXVariantGroup section */
		C78F1A1A1AAF7FEA009D52C3 /* Main.storyboard */ = {
			isa = PBXVariantGroup;
			children = (
				C78F1A1B1AAF7FEA009D52C3 /* Base */,
			);
			name = Main.storyboard;
			sourceTree = "<group>";
		};
		C78F1A1F1AAF7FEA009D52C3 /* LaunchScreen.xib */ = {
			isa = PBXVariantGroup;
			children = (
				C78F1A201AAF7FEA009D52C3 /* Base */,
			);
			name = LaunchScreen.xib;
			sourceTree = "<group>";
		};
/* End PBXVariantGroup section */

/* Begin XCBuildConfiguration section */
		C78F1A2E1AAF7FEA009D52C3 /* Debug */ = {
			isa = XCBuildConfiguration;
			buildSettings = {
				ALWAYS_SEARCH_USER_PATHS = NO;
				CLANG_CXX_LANGUAGE_STANDARD = "gnu++0x";
				CLANG_CXX_LIBRARY = "libc++";
				CLANG_ENABLE_MODULES = YES;
				CLANG_ENABLE_OBJC_ARC = YES;
				CLANG_WARN_BOOL_CONVERSION = YES;
				CLANG_WARN_CONSTANT_CONVERSION = YES;
				CLANG_WARN_DIRECT_OBJC_ISA_USAGE = YES_ERROR;
				CLANG_WARN_EMPTY_BODY = YES;
				CLANG_WARN_ENUM_CONVERSION = YES;
				CLANG_WARN_INT_CONVERSION = YES;
				CLANG_WARN_OBJC_ROOT_CLASS = YES_ERROR;
				CLANG_WARN_UNREACHABLE_CODE = YES;
				CLANG_WARN__DUPLICATE_METHOD_MATCH = YES;
				"CODE_SIGN_IDENTITY[sdk=iphoneos*]" = "iPhone Developer";
				COPY_PHASE_STRIP = NO;
				ENABLE_STRICT_OBJC_MSGSEND = YES;
				GCC_C_LANGUAGE_STANDARD = gnu99;
				GCC_DYNAMIC_NO_PIC = NO;
				GCC_OPTIMIZATION_LEVEL = 0;
				GCC_PREPROCESSOR_DEFINITIONS = (
					"DEBUG=1",
					"$(inherited)",
				);
				GCC_SYMBOLS_PRIVATE_EXTERN = NO;
				GCC_WARN_64_TO_32_BIT_CONVERSION = YES;
				GCC_WARN_ABOUT_RETURN_TYPE = YES_ERROR;
				GCC_WARN_UNDECLARED_SELECTOR = YES;
				GCC_WARN_UNINITIALIZED_AUTOS = YES_AGGRESSIVE;
				GCC_WARN_UNUSED_FUNCTION = YES;
				GCC_WARN_UNUSED_VARIABLE = YES;
				IPHONEOS_DEPLOYMENT_TARGET = 8.2;
				MTL_ENABLE_DEBUG_INFO = YES;
				ONLY_ACTIVE_ARCH = YES;
				SDKROOT = iphoneos;
				SWIFT_OPTIMIZATION_LEVEL = "-Onone";
			};
			name = Debug;
		};
		C78F1A2F1AAF7FEA009D52C3 /* Release */ = {
			isa = XCBuildConfiguration;
			buildSettings = {
				ALWAYS_SEARCH_USER_PATHS = NO;
				CLANG_CXX_LANGUAGE_STANDARD = "gnu++0x";
				CLANG_CXX_LIBRARY = "libc++";
				CLANG_ENABLE_MODULES = YES;
				CLANG_ENABLE_OBJC_ARC = YES;
				CLANG_WARN_BOOL_CONVERSION = YES;
				CLANG_WARN_CONSTANT_CONVERSION = YES;
				CLANG_WARN_DIRECT_OBJC_ISA_USAGE = YES_ERROR;
				CLANG_WARN_EMPTY_BODY = YES;
				CLANG_WARN_ENUM_CONVERSION = YES;
				CLANG_WARN_INT_CONVERSION = YES;
				CLANG_WARN_OBJC_ROOT_CLASS = YES_ERROR;
				CLANG_WARN_UNREACHABLE_CODE = YES;
				CLANG_WARN__DUPLICATE_METHOD_MATCH = YES;
				"CODE_SIGN_IDENTITY[sdk=iphoneos*]" = "iPhone Developer";
				COPY_PHASE_STRIP = NO;
				ENABLE_NS_ASSERTIONS = NO;
				ENABLE_STRICT_OBJC_MSGSEND = YES;
				GCC_C_LANGUAGE_STANDARD = gnu99;
				GCC_WARN_64_TO_32_BIT_CONVERSION = YES;
				GCC_WARN_ABOUT_RETURN_TYPE = YES_ERROR;
				GCC_WARN_UNDECLARED_SELECTOR = YES;
				GCC_WARN_UNINITIALIZED_AUTOS = YES_AGGRESSIVE;
				GCC_WARN_UNUSED_FUNCTION = YES;
				GCC_WARN_UNUSED_VARIABLE = YES;
				IPHONEOS_DEPLOYMENT_TARGET = 8.2;
				MTL_ENABLE_DEBUG_INFO = NO;
				SDKROOT = iphoneos;
				VALIDATE_PRODUCT = YES;
			};
			name = Release;
		};
		C78F1A311AAF7FEA009D52C3 /* Debug */ = {
			isa = XCBuildConfiguration;
			buildSettings = {
				ASSETCATALOG_COMPILER_APPICON_NAME = AppIcon;
				INFOPLIST_FILE = nabeatsu/Info.plist;
				LD_RUNPATH_SEARCH_PATHS = "$(inherited) @executable_path/Frameworks";
				PRODUCT_NAME = "$(TARGET_NAME)";
			};
			name = Debug;
		};
		C78F1A321AAF7FEA009D52C3 /* Release */ = {
			isa = XCBuildConfiguration;
			buildSettings = {
				ASSETCATALOG_COMPILER_APPICON_NAME = AppIcon;
				INFOPLIST_FILE = nabeatsu/Info.plist;
				LD_RUNPATH_SEARCH_PATHS = "$(inherited) @executable_path/Frameworks";
				PRODUCT_NAME = "$(TARGET_NAME)";
			};
			name = Release;
		};
		C78F1A341AAF7FEA009D52C3 /* Debug */ = {
			isa = XCBuildConfiguration;
			buildSettings = {
				BUNDLE_LOADER = "$(TEST_HOST)";
				FRAMEWORK_SEARCH_PATHS = (
					"$(SDKROOT)/Developer/Library/Frameworks",
					"$(inherited)",
				);
				GCC_PREPROCESSOR_DEFINITIONS = (
					"DEBUG=1",
					"$(inherited)",
				);
				INFOPLIST_FILE = nabeatsuTests/Info.plist;
				LD_RUNPATH_SEARCH_PATHS = "$(inherited) @executable_path/Frameworks @loader_path/Frameworks";
				PRODUCT_NAME = "$(TARGET_NAME)";
				TEST_HOST = "$(BUILT_PRODUCTS_DIR)/nabeatsu.app/nabeatsu";
			};
			name = Debug;
		};
		C78F1A351AAF7FEA009D52C3 /* Release */ = {
			isa = XCBuildConfiguration;
			buildSettings = {
				BUNDLE_LOADER = "$(TEST_HOST)";
				FRAMEWORK_SEARCH_PATHS = (
					"$(SDKROOT)/Developer/Library/Frameworks",
					"$(inherited)",
				);
				INFOPLIST_FILE = nabeatsuTests/Info.plist;
				LD_RUNPATH_SEARCH_PATHS = "$(inherited) @executable_path/Frameworks @loader_path/Frameworks";
				PRODUCT_NAME = "$(TARGET_NAME)";
				TEST_HOST = "$(BUILT_PRODUCTS_DIR)/nabeatsu.app/nabeatsu";
			};
			name = Release;
		};
/* End XCBuildConfiguration section */

/* Begin XCConfigurationList section */
		C78F1A0C1AAF7FEA009D52C3 /* Build configuration list for PBXProject "nabeatsu" */ = {
			isa = XCConfigurationList;
			buildConfigurations = (
				C78F1A2E1AAF7FEA009D52C3 /* Debug */,
				C78F1A2F1AAF7FEA009D52C3 /* Release */,
			);
			defaultConfigurationIsVisible = 0;
			defaultConfigurationName = Release;
		};
		C78F1A301AAF7FEA009D52C3 /* Build configuration list for PBXNativeTarget "nabeatsu" */ = {
			isa = XCConfigurationList;
			buildConfigurations = (
				C78F1A311AAF7FEA009D52C3 /* Debug */,
				C78F1A321AAF7FEA009D52C3 /* Release */,
			);
			defaultConfigurationIsVisible = 0;
			defaultConfigurationName = Release;
		};
		C78F1A331AAF7FEA009D52C3 /* Build configuration list for PBXNativeTarget "nabeatsuTests" */ = {
			isa = XCConfigurationList;
			buildConfigurations = (
				C78F1A341AAF7FEA009D52C3 /* Debug */,
				C78F1A351AAF7FEA009D52C3 /* Release */,
			);
			defaultConfigurationIsVisible = 0;
			defaultConfigurationName = Release;
		};
/* End XCConfigurationList section */
	};
	rootObject = C78F1A091AAF7FEA009D52C3 /* Project object */;
}
